
Microsoft Visual Studio Solution File, Format Version 12.00
# Visual Studio 15
VisualStudioVersion = 15.0.26228.96
MinimumVisualStudioVersion = 10.0.40219.1
Project("{9A19103F-16F7-4668-BE54-9A1E7A4F7556}") = "Connected_Users", "Connected_Users\Connected_Users.csproj", "{B2419028-4AD5-4ADC-8B78-6B1E050CA556}"
EndProject
Project("{9A19103F-16F7-4668-BE54-9A1E7A4F7556}") = "Buisness Layer", "Buisness Layer\Buisness Layer.csproj", "{70446408-0EA8-48EB-A141-5E18CD228BC7}"
EndProject
Project("{9A19103F-16F7-4668-BE54-9A1E7A4F7556}") = "DAL", "DAL\DAL.csproj", "{D226BE28-F878-40AB-9F17-CE69E0ABC614}"
EndProject
Project("{9A19103F-16F7-4668-BE54-9A1E7A4F7556}") = "TokenManager", "TokenManager\TokenManager.csproj", "{54B4471E-E979-4C66-9D3D-D2297BA54A98}"
EndProject
Project("{FAE04EC0-301F-11D3-BF4B-00C04F79EFBC}") = "Models", "Models\Models.csproj", "{875C6B7C-7847-4EC5-97BF-5DEB406CFD5C}"
EndProject
Global
	GlobalSection(SolutionConfigurationPlatforms) = preSolution
		Debug|Any CPU = Debug|Any CPU
		Release|Any CPU = Release|Any CPU
	EndGlobalSection
	GlobalSection(ProjectConfigurationPlatforms) = postSolution
		{B2419028-4AD5-4ADC-8B78-6B1E050CA556}.Debug|Any CPU.ActiveCfg = Debug|Any CPU
		{B2419028-4AD5-4ADC-8B78-6B1E050CA556}.Debug|Any CPU.Build.0 = Debug|Any CPU
		{B2419028-4AD5-4ADC-8B78-6B1E050CA556}.Release|Any CPU.ActiveCfg = Release|Any CPU
		{B2419028-4AD5-4ADC-8B78-6B1E050CA556}.Release|Any CPU.Build.0 = Release|Any CPU
		{70446408-0EA8-48EB-A141-5E18CD228BC7}.Debug|Any CPU.ActiveCfg = Debug|Any CPU
		{70446408-0EA8-48EB-A141-5E18CD228BC7}.Debug|Any CPU.Build.0 = Debug|Any CPU
		{70446408-0EA8-48EB-A141-5E18CD228BC7}.Release|Any CPU.ActiveCfg = Release|Any CPU
		{70446408-0EA8-48EB-A141-5E18CD228BC7}.Release|Any CPU.Build.0 = Release|Any CPU
		{D226BE28-F878-40AB-9F17-CE69E0ABC614}.Debug|Any CPU.ActiveCfg = Debug|Any CPU
		{D226BE28-F878-40AB-9F17-CE69E0ABC614}.Debug|Any CPU.Build.0 = Debug|Any CPU
		{D226BE28-F878-40AB-9F17-CE69E0ABC614}.Release|Any CPU.ActiveCfg = Release|Any CPU
		{D226BE28-F878-40AB-9F17-CE69E0ABC614}.Release|Any CPU.Build.0 = Release|Any CPU
		{54B4471E-E979-4C66-9D3D-D2297BA54A98}.Debug|Any CPU.ActiveCfg = Debug|Any CPU
		{54B4471E-E979-4C66-9D3D-D2297BA54A98}.Debug|Any CPU.Build.0 = Debug|Any CPU
		{54B4471E-E979-4C66-9D3D-D2297BA54A98}.Release|Any CPU.ActiveCfg = Release|Any CPU
		{54B4471E-E979-4C66-9D3D-D2297BA54A98}.Release|Any CPU.Build.0 = Release|Any CPU
		{875C6B7C-7847-4EC5-97BF-5DEB406CFD5C}.Debug|Any CPU.ActiveCfg = Debug|Any CPU
		{875C6B7C-7847-4EC5-97BF-5DEB406CFD5C}.Debug|Any CPU.Build.0 = Debug|Any CPU
		{875C6B7C-7847-4EC5-97BF-5DEB406CFD5C}.Release|Any CPU.ActiveCfg = Release|Any CPU
		{875C6B7C-7847-4EC5-97BF-5DEB406CFD5C}.Release|Any CPU.Build.0 = Release|Any CPU
	EndGlobalSection
	GlobalSection(SolutionProperties) = preSolution
		HideSolutionNode = FALSE
	EndGlobalSection
	GlobalSection(ExtensibilityGlobals) = postSolution
		SolutionGuid = {D47817A3-A737-480A-8253-DF273383AEFE}
	EndGlobalSection
EndGlobal
